<?xml version="1.0" encoding="utf-8"?>
<Project ToolsVersion="4.0" xmlns="http://schemas.microsoft.com/developer/msbuild/2003">
  <ItemGroup>
    <Filter Include="Source Files">
      <UniqueIdentifier>{4FC737F1-C7A5-4376-A066-2A32D752A2FF}</UniqueIdentifier>
      <Extensions>cpp;c;cc;cxx;def;odl;idl;hpj;bat;asm;asmx</Extensions>
    </Filter>
    <Filter Include="Header Files">
      <UniqueIdentifier>{93995380-89BD-4b04-88EB-625FBE52EBFB}</UniqueIdentifier>
      <Extensions>h;hpp;hxx;hm;inl;inc;xsd</Extensions>
    </Filter>
    <Filter Include="Resource Files">
      <UniqueIdentifier>{67DA6AB6-F800-4c08-8B7A-83BB121AAD01}</UniqueIdentifier>
      <Extensions>rc;ico;cur;bmp;dlg;rc2;rct;bin;rgs;gif;jpg;jpeg;jpe;resx;tiff;tif;png;wav;mfcribbon-ms</Extensions>
    </Filter>
  </ItemGroup>
  <ItemGroup>
    <ClCompile Include="..\OpenSteer 0.8.2\src\Camera.cpp">
      <Filter>Source Files</Filter>
    </ClCompile>
    <ClCompile Include="..\OpenSteer 0.8.2\src\Clock.cpp">
      <Filter>Source Files</Filter>
    </ClCompile>
    <ClCompile Include="..\OpenSteer 0.8.2\src\Draw.cpp">
      <Filter>Source Files</Filter>
    </ClCompile>
    <ClCompile Include="..\OpenSteer 0.8.2\src\lq.c">
      <Filter>Source Files</Filter>
    </ClCompile>
    <ClCompile Include="..\OpenSteer 0.8.2\src\Pathway.cpp">
      <Filter>Source Files</Filter>
    </ClCompile>
    <ClCompile Include="..\OpenSteer 0.8.2\src\PlugIn.cpp">
      <Filter>Source Files</Filter>
    </ClCompile>
    <ClCompile Include="..\OpenSteer 0.8.2\src\SimpleVehicle.cpp">
      <Filter>Source Files</Filter>
    </ClCompile>
    <ClCompile Include="..\OpenSteer 0.8.2\src\Vec3.cpp">
      <Filter>Source Files</Filter>
    </ClCompile>
  </ItemGroup>
  <ItemGroup>
    <ClInclude Include="..\OpenSteer 0.8.2\include\OpenSteer\AbstractVehicle.h">
      <Filter>Header Files</Filter>
    </ClInclude>
    <ClInclude Include="..\OpenSteer 0.8.2\include\OpenSteer\Annotation.h">
      <Filter>Header Files</Filter>
    </ClInclude>
    <ClInclude Include="..\OpenSteer 0.8.2\include\OpenSteer\Camera.h">
      <Filter>Header Files</Filter>
    </ClInclude>
    <ClInclude Include="..\OpenSteer 0.8.2\include\OpenSteer\Clock.h">
      <Filter>Header Files</Filter>
    </ClInclude>
    <ClInclude Include="..\OpenSteer 0.8.2\include\OpenSteer\Draw.h">
      <Filter>Header Files</Filter>
    </ClInclude>
    <ClInclude Include="..\OpenSteer 0.8.2\include\OpenSteer\LocalSpace.h">
      <Filter>Header Files</Filter>
    </ClInclude>
    <ClInclude Include="..\OpenSteer 0.8.2\include\OpenSteer\lq.h">
      <Filter>Header Files</Filter>
    </ClInclude>
    <ClInclude Include="..\OpenSteer 0.8.2\include\OpenSteer\Obstacle.h">
      <Filter>Header Files</Filter>
    </ClInclude>
    <ClInclude Include="..\OpenSteer 0.8.2\include\OpenSteer\OpenSteerDemo.h">
      <Filter>Header Files</Filter>
    </ClInclude>
    <ClInclude Include="..\OpenSteer 0.8.2\include\OpenSteer\Pathway.h">
      <Filter>Header Files</Filter>
    </ClInclude>
    <ClInclude Include="..\OpenSteer 0.8.2\include\OpenSteer\PlugIn.h">
      <Filter>Header Files</Filter>
    </ClInclude>
    <ClInclude Include="..\OpenSteer 0.8.2\include\OpenSteer\Proximity.h">
      <Filter>Header Files</Filter>
    </ClInclude>
    <ClInclude Include="..\OpenSteer 0.8.2\include\OpenSteer\SimpleVehicle.h">
      <Filter>Header Files</Filter>
    </ClInclude>
    <ClInclude Include="..\OpenSteer 0.8.2\include\OpenSteer\SteerLibrary.h">
      <Filter>Header Files</Filter>
    </ClInclude>
    <ClInclude Include="..\OpenSteer 0.8.2\include\OpenSteer\Utilities.h">
      <Filter>Header Files</Filter>
    </ClInclude>
    <ClInclude Include="..\OpenSteer 0.8.2\include\OpenSteer\Vec3.h">
      <Filter>Header Files</Filter>
    </ClInclude>
  </ItemGroup>
</Project>